
Microsoft Visual Studio Solution File, Format Version 12.00
# Visual Studio Version 17
VisualStudioVersion = 17.5.002.0
MinimumVisualStudioVersion = 10.0.40219.1
Project("{9A19103F-16F7-4668-BE54-9A1E7A4F7556}") = "Configurations", "Configurations.csproj", "{86BFDB51-372F-4449-B34D-49931D190CB5}"
EndProject
Global
	GlobalSection(SolutionConfigurationPlatforms) = preSolution
		Debug|Any CPU = Debug|Any CPU
		Release|Any CPU = Release|Any CPU
	EndGlobalSection
	GlobalSection(ProjectConfigurationPlatforms) = postSolution
		{86BFDB51-372F-4449-B34D-49931D190CB5}.Debug|Any CPU.ActiveCfg = Debug|Any CPU
		{86BFDB51-372F-4449-B34D-49931D190CB5}.Debug|Any CPU.Build.0 = Debug|Any CPU
		{86BFDB51-372F-4449-B34D-49931D190CB5}.Release|Any CPU.ActiveCfg = Release|Any CPU
		{86BFDB51-372F-4449-B34D-49931D190CB5}.Release|Any CPU.Build.0 = Release|Any CPU
	EndGlobalSection
	GlobalSection(SolutionProperties) = preSolution
		HideSolutionNode = FALSE
	EndGlobalSection
	GlobalSection(ExtensibilityGlobals) = postSolution
		SolutionGuid = {30E554C4-703A-4149-8D0B-E6B338A1C170}
	EndGlobalSection
EndGlobal
